
Microsoft Visual Studio Solution File, Format Version 12.00
# Visual Studio Version 16
VisualStudioVersion = 16.0.30621.155
MinimumVisualStudioVersion = 10.0.40219.1
Project("{9A19103F-16F7-4668-BE54-9A1E7A4F7556}") = "CRFR_Automation_SpecFlow", "CRFR_Automation_SpecFlow.csproj", "{500A8947-1297-45A7-832E-7C8D3960DB15}"
EndProject
Global
	GlobalSection(SolutionConfigurationPlatforms) = preSolution
		Debug|Any CPU = Debug|Any CPU
		Release|Any CPU = Release|Any CPU
	EndGlobalSection
	GlobalSection(ProjectConfigurationPlatforms) = postSolution
		{500A8947-1297-45A7-832E-7C8D3960DB15}.Debug|Any CPU.ActiveCfg = Debug|Any CPU
		{500A8947-1297-45A7-832E-7C8D3960DB15}.Debug|Any CPU.Build.0 = Debug|Any CPU
		{500A8947-1297-45A7-832E-7C8D3960DB15}.Release|Any CPU.ActiveCfg = Release|Any CPU
		{500A8947-1297-45A7-832E-7C8D3960DB15}.Release|Any CPU.Build.0 = Release|Any CPU
	EndGlobalSection
	GlobalSection(SolutionProperties) = preSolution
		HideSolutionNode = FALSE
	EndGlobalSection
	GlobalSection(ExtensibilityGlobals) = postSolution
		SolutionGuid = {CEDC2392-C539-4D02-9898-A9F232ADA775}
	EndGlobalSection
EndGlobal
